// !$*UTF8*$!
{
	archiveVersion = 1;
	classes = {
	};
	objectVersion = 55;
	objects = {

/* Begin PBXBuildFile section */
		20735ADBEEFEEF95E3BBCDA2 /* Pods_MvvmRxAppTests.framework in Frameworks */ = {isa = PBXBuildFile; fileRef = EF35B9D94053EAC42020A69C /* Pods_MvvmRxAppTests.framework */; };
		91E37FEB209C57009C256757 /* Pods_MvvmRxApp.framework in Frameworks */ = {isa = PBXBuildFile; fileRef = 387C1D0AEA00C8408DCA0264 /* Pods_MvvmRxApp.framework */; };
		CA676DB9A1F42ED9A2F59B7B /* Pods_MvvmRxApp_MvvmRxAppUITests.framework in Frameworks */ = {isa = PBXBuildFile; fileRef = 4617E92EB4DE1F546835C447 /* Pods_MvvmRxApp_MvvmRxAppUITests.framework */; };
		FA91A02F27DB603D00438B9B /* AppDelegate.swift in Sources */ = {isa = PBXBuildFile; fileRef = FA91A02E27DB603D00438B9B /* AppDelegate.swift */; };
		FA91A03327DB603D00438B9B /* ViewController.swift in Sources */ = {isa = PBXBuildFile; fileRef = FA91A03227DB603D00438B9B /* ViewController.swift */; };
		FA91A03627DB603D00438B9B /* Main.storyboard in Resources */ = {isa = PBXBuildFile; fileRef = FA91A03427DB603D00438B9B /* Main.storyboard */; };
		FA91A03927DB603D00438B9B /* MvvmRxApp.xcdatamodeld in Sources */ = {isa = PBXBuildFile; fileRef = FA91A03727DB603D00438B9B /* MvvmRxApp.xcdatamodeld */; };
		FA91A03B27DB604000438B9B /* Assets.xcassets in Resources */ = {isa = PBXBuildFile; fileRef = FA91A03A27DB604000438B9B /* Assets.xcassets */; };
		FA91A03E27DB604000438B9B /* LaunchScreen.storyboard in Resources */ = {isa = PBXBuildFile; fileRef = FA91A03C27DB604000438B9B /* LaunchScreen.storyboard */; };
		FA91A04927DB604100438B9B /* MvvmRxAppTests.swift in Sources */ = {isa = PBXBuildFile; fileRef = FA91A04827DB604100438B9B /* MvvmRxAppTests.swift */; };
		FA91A05327DB604100438B9B /* MvvmRxAppUITests.swift in Sources */ = {isa = PBXBuildFile; fileRef = FA91A05227DB604100438B9B /* MvvmRxAppUITests.swift */; };
		FA91A05527DB604100438B9B /* MvvmRxAppUITestsLaunchTests.swift in Sources */ = {isa = PBXBuildFile; fileRef = FA91A05427DB604100438B9B /* MvvmRxAppUITestsLaunchTests.swift */; };
		FA986B8427E48DEB004E1BEB /* VehicleList.swift in Sources */ = {isa = PBXBuildFile; fileRef = FA986B8327E48DEB004E1BEB /* VehicleList.swift */; };
		FA986B8527E48DEB004E1BEB /* VehicleList.swift in Sources */ = {isa = PBXBuildFile; fileRef = FA986B8327E48DEB004E1BEB /* VehicleList.swift */; };
		FA986B8627E48DEB004E1BEB /* VehicleList.swift in Sources */ = {isa = PBXBuildFile; fileRef = FA986B8327E48DEB004E1BEB /* VehicleList.swift */; };
		FA986B8827E48E15004E1BEB /* PoiList.swift in Sources */ = {isa = PBXBuildFile; fileRef = FA986B8727E48E15004E1BEB /* PoiList.swift */; };
		FA986B8927E48E15004E1BEB /* PoiList.swift in Sources */ = {isa = PBXBuildFile; fileRef = FA986B8727E48E15004E1BEB /* PoiList.swift */; };
		FA986B8A27E48E15004E1BEB /* PoiList.swift in Sources */ = {isa = PBXBuildFile; fileRef = FA986B8727E48E15004E1BEB /* PoiList.swift */; };
		FA986B8C27E48E37004E1BEB /* Coordinate.swift in Sources */ = {isa = PBXBuildFile; fileRef = FA986B8B27E48E37004E1BEB /* Coordinate.swift */; };
		FA986B8D27E48E37004E1BEB /* Coordinate.swift in Sources */ = {isa = PBXBuildFile; fileRef = FA986B8B27E48E37004E1BEB /* Coordinate.swift */; };
		FA986B8E27E48E37004E1BEB /* Coordinate.swift in Sources */ = {isa = PBXBuildFile; fileRef = FA986B8B27E48E37004E1BEB /* Coordinate.swift */; };
		FA986B9127E74FAA004E1BEB /* VehiclesCellViewModel.swift in Sources */ = {isa = PBXBuildFile; fileRef = FA986B9027E74FAA004E1BEB /* VehiclesCellViewModel.swift */; };
		FA986B9227E74FAA004E1BEB /* VehiclesCellViewModel.swift in Sources */ = {isa = PBXBuildFile; fileRef = FA986B9027E74FAA004E1BEB /* VehiclesCellViewModel.swift */; };
		FA986B9327E74FAA004E1BEB /* VehiclesCellViewModel.swift in Sources */ = {isa = PBXBuildFile; fileRef = FA986B9027E74FAA004E1BEB /* VehiclesCellViewModel.swift */; };
		FA986B9527E7513E004E1BEB /* VehiclesTableViewViewModel.swift in Sources */ = {isa = PBXBuildFile; fileRef = FA986B9427E7513E004E1BEB /* VehiclesTableViewViewModel.swift */; };
		FA986B9627E7513E004E1BEB /* VehiclesTableViewViewModel.swift in Sources */ = {isa = PBXBuildFile; fileRef = FA986B9427E7513E004E1BEB /* VehiclesTableViewViewModel.swift */; };
		FA986B9727E7513E004E1BEB /* VehiclesTableViewViewModel.swift in Sources */ = {isa = PBXBuildFile; fileRef = FA986B9427E7513E004E1BEB /* VehiclesTableViewViewModel.swift */; };
		FA986C3B27E7529E004E1BEB /* UIViewControllerExtension.swift in Sources */ = {isa = PBXBuildFile; fileRef = FA986C3627E7529D004E1BEB /* UIViewControllerExtension.swift */; };
		FA986C3C27E7529E004E1BEB /* UIViewControllerExtension.swift in Sources */ = {isa = PBXBuildFile; fileRef = FA986C3627E7529D004E1BEB /* UIViewControllerExtension.swift */; };
		FA986C3D27E7529E004E1BEB /* UIViewControllerExtension.swift in Sources */ = {isa = PBXBuildFile; fileRef = FA986C3627E7529D004E1BEB /* UIViewControllerExtension.swift */; };
		FA986C3E27E7529E004E1BEB /* JSON.swift in Sources */ = {isa = PBXBuildFile; fileRef = FA986C3727E7529D004E1BEB /* JSON.swift */; };
		FA986C3F27E7529E004E1BEB /* JSON.swift in Sources */ = {isa = PBXBuildFile; fileRef = FA986C3727E7529D004E1BEB /* JSON.swift */; };
		FA986C4027E7529E004E1BEB /* JSON.swift in Sources */ = {isa = PBXBuildFile; fileRef = FA986C3727E7529D004E1BEB /* JSON.swift */; };
		FA986C4127E7529E004E1BEB /* Result.swift in Sources */ = {isa = PBXBuildFile; fileRef = FA986C3827E7529D004E1BEB /* Result.swift */; };
		FA986C4227E7529E004E1BEB /* Result.swift in Sources */ = {isa = PBXBuildFile; fileRef = FA986C3827E7529D004E1BEB /* Result.swift */; };
		FA986C4327E7529E004E1BEB /* Result.swift in Sources */ = {isa = PBXBuildFile; fileRef = FA986C3827E7529D004E1BEB /* Result.swift */; };
		FA986C4427E7529E004E1BEB /* Alert.swift in Sources */ = {isa = PBXBuildFile; fileRef = FA986C3927E7529D004E1BEB /* Alert.swift */; };
		FA986C4527E7529E004E1BEB /* Alert.swift in Sources */ = {isa = PBXBuildFile; fileRef = FA986C3927E7529D004E1BEB /* Alert.swift */; };
		FA986C4627E7529E004E1BEB /* Alert.swift in Sources */ = {isa = PBXBuildFile; fileRef = FA986C3927E7529D004E1BEB /* Alert.swift */; };
		FA986C4727E7529E004E1BEB /* ReadOnce.swift in Sources */ = {isa = PBXBuildFile; fileRef = FA986C3A27E7529E004E1BEB /* ReadOnce.swift */; };
		FA986C4827E7529E004E1BEB /* ReadOnce.swift in Sources */ = {isa = PBXBuildFile; fileRef = FA986C3A27E7529E004E1BEB /* ReadOnce.swift */; };
		FA986C4927E7529E004E1BEB /* ReadOnce.swift in Sources */ = {isa = PBXBuildFile; fileRef = FA986C3A27E7529E004E1BEB /* ReadOnce.swift */; };
		FA986C4E27E754BC004E1BEB /* AppServerClient.swift in Sources */ = {isa = PBXBuildFile; fileRef = FA986C4D27E754BC004E1BEB /* AppServerClient.swift */; };
		FA986C4F27E754BC004E1BEB /* AppServerClient.swift in Sources */ = {isa = PBXBuildFile; fileRef = FA986C4D27E754BC004E1BEB /* AppServerClient.swift */; };
		FA986C5027E754BC004E1BEB /* AppServerClient.swift in Sources */ = {isa = PBXBuildFile; fileRef = FA986C4D27E754BC004E1BEB /* AppServerClient.swift */; };
		FA986C7D27E9E380004E1BEB /* VehiclesTableViewController.swift in Sources */ = {isa = PBXBuildFile; fileRef = FA986C7C27E9E380004E1BEB /* VehiclesTableViewController.swift */; };
		FA986C7E27E9E380004E1BEB /* VehiclesTableViewController.swift in Sources */ = {isa = PBXBuildFile; fileRef = FA986C7C27E9E380004E1BEB /* VehiclesTableViewController.swift */; };
		FA986C7F27E9E380004E1BEB /* VehiclesTableViewController.swift in Sources */ = {isa = PBXBuildFile; fileRef = FA986C7C27E9E380004E1BEB /* VehiclesTableViewController.swift */; };
		FA986C8327E9E464004E1BEB /* VehiclesTableViewCell.swift in Sources */ = {isa = PBXBuildFile; fileRef = FA986C8127E9E464004E1BEB /* VehiclesTableViewCell.swift */; };
		FA986C8427E9E464004E1BEB /* VehiclesTableViewCell.swift in Sources */ = {isa = PBXBuildFile; fileRef = FA986C8127E9E464004E1BEB /* VehiclesTableViewCell.swift */; };
		FA986C8527E9E464004E1BEB /* VehiclesTableViewCell.swift in Sources */ = {isa = PBXBuildFile; fileRef = FA986C8127E9E464004E1BEB /* VehiclesTableViewCell.swift */; };
		FA986C8627E9E464004E1BEB /* VehiclesTableViewCell.xib in Resources */ = {isa = PBXBuildFile; fileRef = FA986C8227E9E464004E1BEB /* VehiclesTableViewCell.xib */; };
		FA986C8727E9E464004E1BEB /* VehiclesTableViewCell.xib in Resources */ = {isa = PBXBuildFile; fileRef = FA986C8227E9E464004E1BEB /* VehiclesTableViewCell.xib */; };
		FA986C8827E9E464004E1BEB /* VehiclesTableViewCell.xib in Resources */ = {isa = PBXBuildFile; fileRef = FA986C8227E9E464004E1BEB /* VehiclesTableViewCell.xib */; };
		FA986C8A27EA0EFC004E1BEB /* MapViewController.swift in Sources */ = {isa = PBXBuildFile; fileRef = FA986C8927EA0EFC004E1BEB /* MapViewController.swift */; };
		FA986C8B27EA0EFC004E1BEB /* MapViewController.swift in Sources */ = {isa = PBXBuildFile; fileRef = FA986C8927EA0EFC004E1BEB /* MapViewController.swift */; };
		FA986C8C27EA0EFC004E1BEB /* MapViewController.swift in Sources */ = {isa = PBXBuildFile; fileRef = FA986C8927EA0EFC004E1BEB /* MapViewController.swift */; };
		FA986C9227EA1580004E1BEB /* MapViewModel.swift in Sources */ = {isa = PBXBuildFile; fileRef = FA986C9127EA1580004E1BEB /* MapViewModel.swift */; };
		FA986C9327EA1580004E1BEB /* MapViewModel.swift in Sources */ = {isa = PBXBuildFile; fileRef = FA986C9127EA1580004E1BEB /* MapViewModel.swift */; };
		FA986C9427EA1580004E1BEB /* MapViewModel.swift in Sources */ = {isa = PBXBuildFile; fileRef = FA986C9127EA1580004E1BEB /* MapViewModel.swift */; };
		FA986C9627EA2506004E1BEB /* MyAnnotation.swift in Sources */ = {isa = PBXBuildFile; fileRef = FA986C9527EA2506004E1BEB /* MyAnnotation.swift */; };
		FA986C9727EA2506004E1BEB /* MyAnnotation.swift in Sources */ = {isa = PBXBuildFile; fileRef = FA986C9527EA2506004E1BEB /* MyAnnotation.swift */; };
		FA986C9827EA2506004E1BEB /* MyAnnotation.swift in Sources */ = {isa = PBXBuildFile; fileRef = FA986C9527EA2506004E1BEB /* MyAnnotation.swift */; };
		FA9B30B127F1D75300B7BF45 /* Extensions.swift in Sources */ = {isa = PBXBuildFile; fileRef = FA9B30B027F1D75300B7BF45 /* Extensions.swift */; };
/* End PBXBuildFile section */

/* Begin PBXContainerItemProxy section */
		FA91A04527DB604100438B9B /* PBXContainerItemProxy */ = {
			isa = PBXContainerItemProxy;
			containerPortal = FA91A02327DB603D00438B9B /* Project object */;
			proxyType = 1;
			remoteGlobalIDString = FA91A02A27DB603D00438B9B;
			remoteInfo = MvvmRxApp;
		};
		FA91A04F27DB604100438B9B /* PBXContainerItemProxy */ = {
			isa = PBXContainerItemProxy;
			containerPortal = FA91A02327DB603D00438B9B /* Project object */;
			proxyType = 1;
			remoteGlobalIDString = FA91A02A27DB603D00438B9B;
			remoteInfo = MvvmRxApp;
		};
/* End PBXContainerItemProxy section */

/* Begin PBXFileReference section */
		387C1D0AEA00C8408DCA0264 /* Pods_MvvmRxApp.framework */ = {isa = PBXFileReference; explicitFileType = wrapper.framework; includeInIndex = 0; path = Pods_MvvmRxApp.framework; sourceTree = BUILT_PRODUCTS_DIR; };
		4617E92EB4DE1F546835C447 /* Pods_MvvmRxApp_MvvmRxAppUITests.framework */ = {isa = PBXFileReference; explicitFileType = wrapper.framework; includeInIndex = 0; path = Pods_MvvmRxApp_MvvmRxAppUITests.framework; sourceTree = BUILT_PRODUCTS_DIR; };
		5D5FD69421847081FD08D41F /* Pods-MvvmRxApp-MvvmRxAppUITests.debug.xcconfig */ = {isa = PBXFileReference; includeInIndex = 1; lastKnownFileType = text.xcconfig; name = "Pods-MvvmRxApp-MvvmRxAppUITests.debug.xcconfig"; path = "Target Support Files/Pods-MvvmRxApp-MvvmRxAppUITests/Pods-MvvmRxApp-MvvmRxAppUITests.debug.xcconfig"; sourceTree = "<group>"; };
		6B34E670107D4DCDA406EA91 /* Pods-MvvmRxAppTests.debug.xcconfig */ = {isa = PBXFileReference; includeInIndex = 1; lastKnownFileType = text.xcconfig; name = "Pods-MvvmRxAppTests.debug.xcconfig"; path = "Target Support Files/Pods-MvvmRxAppTests/Pods-MvvmRxAppTests.debug.xcconfig"; sourceTree = "<group>"; };
		6E0C9CB0F98177903EC89516 /* Pods-MvvmRxAppTests.release.xcconfig */ = {isa = PBXFileReference; includeInIndex = 1; lastKnownFileType = text.xcconfig; name = "Pods-MvvmRxAppTests.release.xcconfig"; path = "Target Support Files/Pods-MvvmRxAppTests/Pods-MvvmRxAppTests.release.xcconfig"; sourceTree = "<group>"; };
		7001BDBED3F431A2CFD8C27B /* Pods-MvvmRxApp.release.xcconfig */ = {isa = PBXFileReference; includeInIndex = 1; lastKnownFileType = text.xcconfig; name = "Pods-MvvmRxApp.release.xcconfig"; path = "Target Support Files/Pods-MvvmRxApp/Pods-MvvmRxApp.release.xcconfig"; sourceTree = "<group>"; };
		C8F1911E4FB436F84F9F1C0A /* Pods-MvvmRxApp.debug.xcconfig */ = {isa = PBXFileReference; includeInIndex = 1; lastKnownFileType = text.xcconfig; name = "Pods-MvvmRxApp.debug.xcconfig"; path = "Target Support Files/Pods-MvvmRxApp/Pods-MvvmRxApp.debug.xcconfig"; sourceTree = "<group>"; };
		EF35B9D94053EAC42020A69C /* Pods_MvvmRxAppTests.framework */ = {isa = PBXFileReference; explicitFileType = wrapper.framework; includeInIndex = 0; path = Pods_MvvmRxAppTests.framework; sourceTree = BUILT_PRODUCTS_DIR; };
		F5A468B7DA2EA3C25D020D65 /* Pods-MvvmRxApp-MvvmRxAppUITests.release.xcconfig */ = {isa = PBXFileReference; includeInIndex = 1; lastKnownFileType = text.xcconfig; name = "Pods-MvvmRxApp-MvvmRxAppUITests.release.xcconfig"; path = "Target Support Files/Pods-MvvmRxApp-MvvmRxAppUITests/Pods-MvvmRxApp-MvvmRxAppUITests.release.xcconfig"; sourceTree = "<group>"; };
		FA91A02B27DB603D00438B9B /* MvvmRxApp.app */ = {isa = PBXFileReference; explicitFileType = wrapper.application; includeInIndex = 0; path = MvvmRxApp.app; sourceTree = BUILT_PRODUCTS_DIR; };
		FA91A02E27DB603D00438B9B /* AppDelegate.swift */ = {isa = PBXFileReference; lastKnownFileType = sourcecode.swift; path = AppDelegate.swift; sourceTree = "<group>"; };
		FA91A03227DB603D00438B9B /* ViewController.swift */ = {isa = PBXFileReference; lastKnownFileType = sourcecode.swift; path = ViewController.swift; sourceTree = "<group>"; };
		FA91A03527DB603D00438B9B /* Base */ = {isa = PBXFileReference; lastKnownFileType = file.storyboard; name = Base; path = Base.lproj/Main.storyboard; sourceTree = "<group>"; };
		FA91A03827DB603D00438B9B /* MvvmRxApp.xcdatamodel */ = {isa = PBXFileReference; lastKnownFileType = wrapper.xcdatamodel; path = MvvmRxApp.xcdatamodel; sourceTree = "<group>"; };
		FA91A03A27DB604000438B9B /* Assets.xcassets */ = {isa = PBXFileReference; lastKnownFileType = folder.assetcatalog; path = Assets.xcassets; sourceTree = "<group>"; };
		FA91A03D27DB604000438B9B /* Base */ = {isa = PBXFileReference; lastKnownFileType = file.storyboard; name = Base; path = Base.lproj/LaunchScreen.storyboard; sourceTree = "<group>"; };
		FA91A03F27DB604000438B9B /* Info.plist */ = {isa = PBXFileReference; lastKnownFileType = text.plist.xml; path = Info.plist; sourceTree = "<group>"; };
		FA91A04427DB604100438B9B /* MvvmRxAppTests.xctest */ = {isa = PBXFileReference; explicitFileType = wrapper.cfbundle; includeInIndex = 0; path = MvvmRxAppTests.xctest; sourceTree = BUILT_PRODUCTS_DIR; };
		FA91A04827DB604100438B9B /* MvvmRxAppTests.swift */ = {isa = PBXFileReference; lastKnownFileType = sourcecode.swift; path = MvvmRxAppTests.swift; sourceTree = "<group>"; };
		FA91A04E27DB604100438B9B /* MvvmRxAppUITests.xctest */ = {isa = PBXFileReference; explicitFileType = wrapper.cfbundle; includeInIndex = 0; path = MvvmRxAppUITests.xctest; sourceTree = BUILT_PRODUCTS_DIR; };
		FA91A05227DB604100438B9B /* MvvmRxAppUITests.swift */ = {isa = PBXFileReference; lastKnownFileType = sourcecode.swift; path = MvvmRxAppUITests.swift; sourceTree = "<group>"; };
		FA91A05427DB604100438B9B /* MvvmRxAppUITestsLaunchTests.swift */ = {isa = PBXFileReference; lastKnownFileType = sourcecode.swift; path = MvvmRxAppUITestsLaunchTests.swift; sourceTree = "<group>"; };
		FA986B8327E48DEB004E1BEB /* VehicleList.swift */ = {isa = PBXFileReference; lastKnownFileType = sourcecode.swift; path = VehicleList.swift; sourceTree = "<group>"; };
		FA986B8727E48E15004E1BEB /* PoiList.swift */ = {isa = PBXFileReference; lastKnownFileType = sourcecode.swift; path = PoiList.swift; sourceTree = "<group>"; };
		FA986B8B27E48E37004E1BEB /* Coordinate.swift */ = {isa = PBXFileReference; lastKnownFileType = sourcecode.swift; path = Coordinate.swift; sourceTree = "<group>"; };
		FA986B9027E74FAA004E1BEB /* VehiclesCellViewModel.swift */ = {isa = PBXFileReference; lastKnownFileType = sourcecode.swift; path = VehiclesCellViewModel.swift; sourceTree = "<group>"; };
		FA986B9427E7513E004E1BEB /* VehiclesTableViewViewModel.swift */ = {isa = PBXFileReference; lastKnownFileType = sourcecode.swift; path = VehiclesTableViewViewModel.swift; sourceTree = "<group>"; };
		FA986C3627E7529D004E1BEB /* UIViewControllerExtension.swift */ = {isa = PBXFileReference; fileEncoding = 4; lastKnownFileType = sourcecode.swift; path = UIViewControllerExtension.swift; sourceTree = "<group>"; };
		FA986C3727E7529D004E1BEB /* JSON.swift */ = {isa = PBXFileReference; fileEncoding = 4; lastKnownFileType = sourcecode.swift; path = JSON.swift; sourceTree = "<group>"; };
		FA986C3827E7529D004E1BEB /* Result.swift */ = {isa = PBXFileReference; fileEncoding = 4; lastKnownFileType = sourcecode.swift; path = Result.swift; sourceTree = "<group>"; };
		FA986C3927E7529D004E1BEB /* Alert.swift */ = {isa = PBXFileReference; fileEncoding = 4; lastKnownFileType = sourcecode.swift; path = Alert.swift; sourceTree = "<group>"; };
		FA986C3A27E7529E004E1BEB /* ReadOnce.swift */ = {isa = PBXFileReference; fileEncoding = 4; lastKnownFileType = sourcecode.swift; path = ReadOnce.swift; sourceTree = "<group>"; };
		FA986C4D27E754BC004E1BEB /* AppServerClient.swift */ = {isa = PBXFileReference; lastKnownFileType = sourcecode.swift; path = AppServerClient.swift; sourceTree = "<group>"; };
		FA986C7C27E9E380004E1BEB /* VehiclesTableViewController.swift */ = {isa = PBXFileReference; lastKnownFileType = sourcecode.swift; path = VehiclesTableViewController.swift; sourceTree = "<group>"; };
		FA986C8127E9E464004E1BEB /* VehiclesTableViewCell.swift */ = {isa = PBXFileReference; lastKnownFileType = sourcecode.swift; path = VehiclesTableViewCell.swift; sourceTree = "<group>"; };
		FA986C8227E9E464004E1BEB /* VehiclesTableViewCell.xib */ = {isa = PBXFileReference; lastKnownFileType = file.xib; path = VehiclesTableViewCell.xib; sourceTree = "<group>"; };
		FA986C8927EA0EFC004E1BEB /* MapViewController.swift */ = {isa = PBXFileReference; lastKnownFileType = sourcecode.swift; path = MapViewController.swift; sourceTree = "<group>"; };
		FA986C9127EA1580004E1BEB /* MapViewModel.swift */ = {isa = PBXFileReference; lastKnownFileType = sourcecode.swift; path = MapViewModel.swift; sourceTree = "<group>"; };
		FA986C9527EA2506004E1BEB /* MyAnnotation.swift */ = {isa = PBXFileReference; lastKnownFileType = sourcecode.swift; path = MyAnnotation.swift; sourceTree = "<group>"; };
		FA9B30B027F1D75300B7BF45 /* Extensions.swift */ = {isa = PBXFileReference; lastKnownFileType = sourcecode.swift; path = Extensions.swift; sourceTree = "<group>"; };
/* End PBXFileReference section */

/* Begin PBXFrameworksBuildPhase section */
		FA91A02827DB603D00438B9B /* Frameworks */ = {
			isa = PBXFrameworksBuildPhase;
			buildActionMask = 2147483647;
			files = (
				91E37FEB209C57009C256757 /* Pods_MvvmRxApp.framework in Frameworks */,
			);
			runOnlyForDeploymentPostprocessing = 0;
		};
		FA91A04127DB604100438B9B /* Frameworks */ = {
			isa = PBXFrameworksBuildPhase;
			buildActionMask = 2147483647;
			files = (
				20735ADBEEFEEF95E3BBCDA2 /* Pods_MvvmRxAppTests.framework in Frameworks */,
			);
			runOnlyForDeploymentPostprocessing = 0;
		};
		FA91A04B27DB604100438B9B /* Frameworks */ = {
			isa = PBXFrameworksBuildPhase;
			buildActionMask = 2147483647;
			files = (
				CA676DB9A1F42ED9A2F59B7B /* Pods_MvvmRxApp_MvvmRxAppUITests.framework in Frameworks */,
			);
			runOnlyForDeploymentPostprocessing = 0;
		};
/* End PBXFrameworksBuildPhase section */

/* Begin PBXGroup section */
		43E3568C1EDC7B866A854D95 /* Frameworks */ = {
			isa = PBXGroup;
			children = (
				387C1D0AEA00C8408DCA0264 /* Pods_MvvmRxApp.framework */,
				4617E92EB4DE1F546835C447 /* Pods_MvvmRxApp_MvvmRxAppUITests.framework */,
				EF35B9D94053EAC42020A69C /* Pods_MvvmRxAppTests.framework */,
			);
			name = Frameworks;
			sourceTree = "<group>";
		};
		F8129954522D2370094364E0 /* Pods */ = {
			isa = PBXGroup;
			children = (
				C8F1911E4FB436F84F9F1C0A /* Pods-MvvmRxApp.debug.xcconfig */,
				7001BDBED3F431A2CFD8C27B /* Pods-MvvmRxApp.release.xcconfig */,
				5D5FD69421847081FD08D41F /* Pods-MvvmRxApp-MvvmRxAppUITests.debug.xcconfig */,
				F5A468B7DA2EA3C25D020D65 /* Pods-MvvmRxApp-MvvmRxAppUITests.release.xcconfig */,
				6B34E670107D4DCDA406EA91 /* Pods-MvvmRxAppTests.debug.xcconfig */,
				6E0C9CB0F98177903EC89516 /* Pods-MvvmRxAppTests.release.xcconfig */,
			);
			path = Pods;
			sourceTree = "<group>";
		};
		FA91A02227DB603D00438B9B = {
			isa = PBXGroup;
			children = (
				FA91A02D27DB603D00438B9B /* MvvmRxApp */,
				FA91A04727DB604100438B9B /* MvvmRxAppTests */,
				FA91A05127DB604100438B9B /* MvvmRxAppUITests */,
				FA91A02C27DB603D00438B9B /* Products */,
				F8129954522D2370094364E0 /* Pods */,
				43E3568C1EDC7B866A854D95 /* Frameworks */,
			);
			sourceTree = "<group>";
		};
		FA91A02C27DB603D00438B9B /* Products */ = {
			isa = PBXGroup;
			children = (
				FA91A02B27DB603D00438B9B /* MvvmRxApp.app */,
				FA91A04427DB604100438B9B /* MvvmRxAppTests.xctest */,
				FA91A04E27DB604100438B9B /* MvvmRxAppUITests.xctest */,
			);
			name = Products;
			sourceTree = "<group>";
		};
		FA91A02D27DB603D00438B9B /* MvvmRxApp */ = {
			isa = PBXGroup;
			children = (
				FA986C4C27E754A1004E1BEB /* NetworkClient */,
				FA986C4B27E75400004E1BEB /* Helpers */,
				FA986C4A27E753C5004E1BEB /* Extensions */,
				FA986B8227E48DCA004E1BEB /* Models */,
				FA986C8027E9E448004E1BEB /* Cells */,
				FA986C7B27E9D357004E1BEB /* ViewContollers */,
				FA986B8F27E74F46004E1BEB /* ViewModels */,
				FA91A02E27DB603D00438B9B /* AppDelegate.swift */,
				FA91A03227DB603D00438B9B /* ViewController.swift */,
				FA91A03427DB603D00438B9B /* Main.storyboard */,
				FA91A03A27DB604000438B9B /* Assets.xcassets */,
				FA91A03C27DB604000438B9B /* LaunchScreen.storyboard */,
				FA91A03F27DB604000438B9B /* Info.plist */,
				FA91A03727DB603D00438B9B /* MvvmRxApp.xcdatamodeld */,
			);
			path = MvvmRxApp;
			sourceTree = "<group>";
		};
		FA91A04727DB604100438B9B /* MvvmRxAppTests */ = {
			isa = PBXGroup;
			children = (
				FA91A04827DB604100438B9B /* MvvmRxAppTests.swift */,
			);
			path = MvvmRxAppTests;
			sourceTree = "<group>";
		};
		FA91A05127DB604100438B9B /* MvvmRxAppUITests */ = {
			isa = PBXGroup;
			children = (
				FA91A05227DB604100438B9B /* MvvmRxAppUITests.swift */,
				FA91A05427DB604100438B9B /* MvvmRxAppUITestsLaunchTests.swift */,
			);
			path = MvvmRxAppUITests;
			sourceTree = "<group>";
		};
		FA986B8227E48DCA004E1BEB /* Models */ = {
			isa = PBXGroup;
			children = (
				FA986B8327E48DEB004E1BEB /* VehicleList.swift */,
				FA986B8727E48E15004E1BEB /* PoiList.swift */,
				FA986B8B27E48E37004E1BEB /* Coordinate.swift */,
			);
			path = Models;
			sourceTree = "<group>";
		};
		FA986B8F27E74F46004E1BEB /* ViewModels */ = {
			isa = PBXGroup;
			children = (
				FA986B9027E74FAA004E1BEB /* VehiclesCellViewModel.swift */,
				FA986B9427E7513E004E1BEB /* VehiclesTableViewViewModel.swift */,
				FA986C9127EA1580004E1BEB /* MapViewModel.swift */,
			);
			path = ViewModels;
			sourceTree = "<group>";
		};
		FA986C4A27E753C5004E1BEB /* Extensions */ = {
			isa = PBXGroup;
			children = (
				FA986C3627E7529D004E1BEB /* UIViewControllerExtension.swift */,
				FA9B30B027F1D75300B7BF45 /* Extensions.swift */,
			);
			path = Extensions;
			sourceTree = "<group>";
		};
		FA986C4B27E75400004E1BEB /* Helpers */ = {
			isa = PBXGroup;
			children = (
				FA986C3927E7529D004E1BEB /* Alert.swift */,
				FA986C3727E7529D004E1BEB /* JSON.swift */,
				FA986C3A27E7529E004E1BEB /* ReadOnce.swift */,
				FA986C3827E7529D004E1BEB /* Result.swift */,
			);
			path = Helpers;
			sourceTree = "<group>";
		};
		FA986C4C27E754A1004E1BEB /* NetworkClient */ = {
			isa = PBXGroup;
			children = (
				FA986C4D27E754BC004E1BEB /* AppServerClient.swift */,
			);
			path = NetworkClient;
			sourceTree = "<group>";
		};
		FA986C7B27E9D357004E1BEB /* ViewContollers */ = {
			isa = PBXGroup;
			children = (
				FA986C7C27E9E380004E1BEB /* VehiclesTableViewController.swift */,
				FA986C8927EA0EFC004E1BEB /* MapViewController.swift */,
				FA986C9527EA2506004E1BEB /* MyAnnotation.swift */,
			);
			path = ViewContollers;
			sourceTree = "<group>";
		};
		FA986C8027E9E448004E1BEB /* Cells */ = {
			isa = PBXGroup;
			children = (
				FA986C8127E9E464004E1BEB /* VehiclesTableViewCell.swift */,
				FA986C8227E9E464004E1BEB /* VehiclesTableViewCell.xib */,
			);
			path = Cells;
			sourceTree = "<group>";
		};
/* End PBXGroup section */

/* Begin PBXNativeTarget section */
		FA91A02A27DB603D00438B9B /* MvvmRxApp */ = {
			isa = PBXNativeTarget;
			buildConfigurationList = FA91A05827DB604100438B9B /* Build configuration list for PBXNativeTarget "MvvmRxApp" */;
			buildPhases = (
				9F2E04A0EB67689416387E2C /* [CP] Check Pods Manifest.lock */,
				FA91A02727DB603D00438B9B /* Sources */,
				FA91A02827DB603D00438B9B /* Frameworks */,
				FA91A02927DB603D00438B9B /* Resources */,
				957AC35416E64D718CC99266 /* [CP] Embed Pods Frameworks */,
			);
			buildRules = (
			);
			dependencies = (
			);
			name = MvvmRxApp;
			productName = MvvmRxApp;
			productReference = FA91A02B27DB603D00438B9B /* MvvmRxApp.app */;
			productType = "com.apple.product-type.application";
		};
		FA91A04327DB604100438B9B /* MvvmRxAppTests */ = {
			isa = PBXNativeTarget;
			buildConfigurationList = FA91A05B27DB604100438B9B /* Build configuration list for PBXNativeTarget "MvvmRxAppTests" */;
			buildPhases = (
				CECCFF3B222885DA13F6D475 /* [CP] Check Pods Manifest.lock */,
				FA91A04027DB604100438B9B /* Sources */,
				FA91A04127DB604100438B9B /* Frameworks */,
				FA91A04227DB604100438B9B /* Resources */,
				69AF97A24C1EF375B8C464F0 /* [CP] Embed Pods Frameworks */,
			);
			buildRules = (
			);
			dependencies = (
				FA91A04627DB604100438B9B /* PBXTargetDependency */,
			);
			name = MvvmRxAppTests;
			productName = MvvmRxAppTests;
			productReference = FA91A04427DB604100438B9B /* MvvmRxAppTests.xctest */;
			productType = "com.apple.product-type.bundle.unit-test";
		};
		FA91A04D27DB604100438B9B /* MvvmRxAppUITests */ = {
			isa = PBXNativeTarget;
			buildConfigurationList = FA91A05E27DB604100438B9B /* Build configuration list for PBXNativeTarget "MvvmRxAppUITests" */;
			buildPhases = (
				594CC60F5A55FB0493C0D10A /* [CP] Check Pods Manifest.lock */,
				FA91A04A27DB604100438B9B /* Sources */,
				FA91A04B27DB604100438B9B /* Frameworks */,
				FA91A04C27DB604100438B9B /* Resources */,
				7ADCA2DB83317CCDB9B41992 /* [CP] Embed Pods Frameworks */,
			);
			buildRules = (
			);
			dependencies = (
				FA91A05027DB604100438B9B /* PBXTargetDependency */,
			);
			name = MvvmRxAppUITests;
			productName = MvvmRxAppUITests;
			productReference = FA91A04E27DB604100438B9B /* MvvmRxAppUITests.xctest */;
			productType = "com.apple.product-type.bundle.ui-testing";
		};
/* End PBXNativeTarget section */

/* Begin PBXProject section */
		FA91A02327DB603D00438B9B /* Project object */ = {
			isa = PBXProject;
			attributes = {
				BuildIndependentTargetsInParallel = 1;
				LastSwiftUpdateCheck = 1310;
				LastUpgradeCheck = 1310;
				TargetAttributes = {
					FA91A02A27DB603D00438B9B = {
						CreatedOnToolsVersion = 13.1;
					};
					FA91A04327DB604100438B9B = {
						CreatedOnToolsVersion = 13.1;
						TestTargetID = FA91A02A27DB603D00438B9B;
					};
					FA91A04D27DB604100438B9B = {
						CreatedOnToolsVersion = 13.1;
						TestTargetID = FA91A02A27DB603D00438B9B;
					};
				};
			};
			buildConfigurationList = FA91A02627DB603D00438B9B /* Build configuration list for PBXProject "MvvmRxApp" */;
			compatibilityVersion = "Xcode 13.0";
			developmentRegion = en;
			hasScannedForEncodings = 0;
			knownRegions = (
				en,
				Base,
			);
			mainGroup = FA91A02227DB603D00438B9B;
			productRefGroup = FA91A02C27DB603D00438B9B /* Products */;
			projectDirPath = "";
			projectRoot = "";
			targets = (
				FA91A02A27DB603D00438B9B /* MvvmRxApp */,
				FA91A04327DB604100438B9B /* MvvmRxAppTests */,
				FA91A04D27DB604100438B9B /* MvvmRxAppUITests */,
			);
		};
/* End PBXProject section */

/* Begin PBXResourcesBuildPhase section */
		FA91A02927DB603D00438B9B /* Resources */ = {
			isa = PBXResourcesBuildPhase;
			buildActionMask = 2147483647;
			files = (
				FA986C8627E9E464004E1BEB /* VehiclesTableViewCell.xib in Resources */,
				FA91A03E27DB604000438B9B /* LaunchScreen.storyboard in Resources */,
				FA91A03B27DB604000438B9B /* Assets.xcassets in Resources */,
				FA91A03627DB603D00438B9B /* Main.storyboard in Resources */,
			);
			runOnlyForDeploymentPostprocessing = 0;
		};
		FA91A04227DB604100438B9B /* Resources */ = {
			isa = PBXResourcesBuildPhase;
			buildActionMask = 2147483647;
			files = (
				FA986C8727E9E464004E1BEB /* VehiclesTableViewCell.xib in Resources */,
			);
			runOnlyForDeploymentPostprocessing = 0;
		};
		FA91A04C27DB604100438B9B /* Resources */ = {
			isa = PBXResourcesBuildPhase;
			buildActionMask = 2147483647;
			files = (
				FA986C8827E9E464004E1BEB /* VehiclesTableViewCell.xib in Resources */,
			);
			runOnlyForDeploymentPostprocessing = 0;
		};
/* End PBXResourcesBuildPhase section */

/* Begin PBXShellScriptBuildPhase section */
		594CC60F5A55FB0493C0D10A /* [CP] Check Pods Manifest.lock */ = {
			isa = PBXShellScriptBuildPhase;
			buildActionMask = 2147483647;
			files = (
			);
			inputFileListPaths = (
			);
			inputPaths = (
				"${PODS_PODFILE_DIR_PATH}/Podfile.lock",
				"${PODS_ROOT}/Manifest.lock",
			);
			name = "[CP] Check Pods Manifest.lock";
			outputFileListPaths = (
			);
			outputPaths = (
				"$(DERIVED_FILE_DIR)/Pods-MvvmRxApp-MvvmRxAppUITests-checkManifestLockResult.txt",
			);
			runOnlyForDeploymentPostprocessing = 0;
			shellPath = /bin/sh;
			shellScript = "diff \"${PODS_PODFILE_DIR_PATH}/Podfile.lock\" \"${PODS_ROOT}/Manifest.lock\" > /dev/null\nif [ $? != 0 ] ; then\n    # print error to STDERR\n    echo \"error: The sandbox is not in sync with the Podfile.lock. Run 'pod install' or update your CocoaPods installation.\" >&2\n    exit 1\nfi\n# This output is used by Xcode 'outputs' to avoid re-running this script phase.\necho \"SUCCESS\" > \"${SCRIPT_OUTPUT_FILE_0}\"\n";
			showEnvVarsInLog = 0;
		};
		69AF97A24C1EF375B8C464F0 /* [CP] Embed Pods Frameworks */ = {
			isa = PBXShellScriptBuildPhase;
			buildActionMask = 2147483647;
			files = (
			);
			inputFileListPaths = (
				"${PODS_ROOT}/Target Support Files/Pods-MvvmRxAppTests/Pods-MvvmRxAppTests-frameworks-${CONFIGURATION}-input-files.xcfilelist",
			);
			name = "[CP] Embed Pods Frameworks";
			outputFileListPaths = (
				"${PODS_ROOT}/Target Support Files/Pods-MvvmRxAppTests/Pods-MvvmRxAppTests-frameworks-${CONFIGURATION}-output-files.xcfilelist",
			);
			runOnlyForDeploymentPostprocessing = 0;
			shellPath = /bin/sh;
			shellScript = "\"${PODS_ROOT}/Target Support Files/Pods-MvvmRxAppTests/Pods-MvvmRxAppTests-frameworks.sh\"\n";
			showEnvVarsInLog = 0;
		};
		7ADCA2DB83317CCDB9B41992 /* [CP] Embed Pods Frameworks */ = {
			isa = PBXShellScriptBuildPhase;
			buildActionMask = 2147483647;
			files = (
			);
			inputFileListPaths = (
				"${PODS_ROOT}/Target Support Files/Pods-MvvmRxApp-MvvmRxAppUITests/Pods-MvvmRxApp-MvvmRxAppUITests-frameworks-${CONFIGURATION}-input-files.xcfilelist",
			);
			name = "[CP] Embed Pods Frameworks";
			outputFileListPaths = (
				"${PODS_ROOT}/Target Support Files/Pods-MvvmRxApp-MvvmRxAppUITests/Pods-MvvmRxApp-MvvmRxAppUITests-frameworks-${CONFIGURATION}-output-files.xcfilelist",
			);
			runOnlyForDeploymentPostprocessing = 0;
			shellPath = /bin/sh;
			shellScript = "\"${PODS_ROOT}/Target Support Files/Pods-MvvmRxApp-MvvmRxAppUITests/Pods-MvvmRxApp-MvvmRxAppUITests-frameworks.sh\"\n";
			showEnvVarsInLog = 0;
		};
		957AC35416E64D718CC99266 /* [CP] Embed Pods Frameworks */ = {
			isa = PBXShellScriptBuildPhase;
			buildActionMask = 2147483647;
			files = (
			);
			inputFileListPaths = (
				"${PODS_ROOT}/Target Support Files/Pods-MvvmRxApp/Pods-MvvmRxApp-frameworks-${CONFIGURATION}-input-files.xcfilelist",
			);
			name = "[CP] Embed Pods Frameworks";
			outputFileListPaths = (
				"${PODS_ROOT}/Target Support Files/Pods-MvvmRxApp/Pods-MvvmRxApp-frameworks-${CONFIGURATION}-output-files.xcfilelist",
			);
			runOnlyForDeploymentPostprocessing = 0;
			shellPath = /bin/sh;
			shellScript = "\"${PODS_ROOT}/Target Support Files/Pods-MvvmRxApp/Pods-MvvmRxApp-frameworks.sh\"\n";
			showEnvVarsInLog = 0;
		};
		9F2E04A0EB67689416387E2C /* [CP] Check Pods Manifest.lock */ = {
			isa = PBXShellScriptBuildPhase;
			buildActionMask = 2147483647;
			files = (
			);
			inputFileListPaths = (
			);
			inputPaths = (
				"${PODS_PODFILE_DIR_PATH}/Podfile.lock",
				"${PODS_ROOT}/Manifest.lock",
			);
			name = "[CP] Check Pods Manifest.lock";
			outputFileListPaths = (
			);
			outputPaths = (
				"$(DERIVED_FILE_DIR)/Pods-MvvmRxApp-checkManifestLockResult.txt",
			);
			runOnlyForDeploymentPostprocessing = 0;
			shellPath = /bin/sh;
			shellScript = "diff \"${PODS_PODFILE_DIR_PATH}/Podfile.lock\" \"${PODS_ROOT}/Manifest.lock\" > /dev/null\nif [ $? != 0 ] ; then\n    # print error to STDERR\n    echo \"error: The sandbox is not in sync with the Podfile.lock. Run 'pod install' or update your CocoaPods installation.\" >&2\n    exit 1\nfi\n# This output is used by Xcode 'outputs' to avoid re-running this script phase.\necho \"SUCCESS\" > \"${SCRIPT_OUTPUT_FILE_0}\"\n";
			showEnvVarsInLog = 0;
		};
		CECCFF3B222885DA13F6D475 /* [CP] Check Pods Manifest.lock */ = {
			isa = PBXShellScriptBuildPhase;
			buildActionMask = 2147483647;
			files = (
			);
			inputFileListPaths = (
			);
			inputPaths = (
				"${PODS_PODFILE_DIR_PATH}/Podfile.lock",
				"${PODS_ROOT}/Manifest.lock",
			);
			name = "[CP] Check Pods Manifest.lock";
			outputFileListPaths = (
			);
			outputPaths = (
				"$(DERIVED_FILE_DIR)/Pods-MvvmRxAppTests-checkManifestLockResult.txt",
			);
			runOnlyForDeploymentPostprocessing = 0;
			shellPath = /bin/sh;
			shellScript = "diff \"${PODS_PODFILE_DIR_PATH}/Podfile.lock\" \"${PODS_ROOT}/Manifest.lock\" > /dev/null\nif [ $? != 0 ] ; then\n    # print error to STDERR\n    echo \"error: The sandbox is not in sync with the Podfile.lock. Run 'pod install' or update your CocoaPods installation.\" >&2\n    exit 1\nfi\n# This output is used by Xcode 'outputs' to avoid re-running this script phase.\necho \"SUCCESS\" > \"${SCRIPT_OUTPUT_FILE_0}\"\n";
			showEnvVarsInLog = 0;
		};
/* End PBXShellScriptBuildPhase section */

/* Begin PBXSourcesBuildPhase section */
		FA91A02727DB603D00438B9B /* Sources */ = {
			isa = PBXSourcesBuildPhase;
			buildActionMask = 2147483647;
			files = (
				FA986B8427E48DEB004E1BEB /* VehicleList.swift in Sources */,
				FA986C3E27E7529E004E1BEB /* JSON.swift in Sources */,
				FA986B8827E48E15004E1BEB /* PoiList.swift in Sources */,
				FA986C3B27E7529E004E1BEB /* UIViewControllerExtension.swift in Sources */,
				FA986B9527E7513E004E1BEB /* VehiclesTableViewViewModel.swift in Sources */,
				FA986C7D27E9E380004E1BEB /* VehiclesTableViewController.swift in Sources */,
				FA986C4727E7529E004E1BEB /* ReadOnce.swift in Sources */,
				FA91A03327DB603D00438B9B /* ViewController.swift in Sources */,
				FA986C4427E7529E004E1BEB /* Alert.swift in Sources */,
				FA91A02F27DB603D00438B9B /* AppDelegate.swift in Sources */,
				FA986C4E27E754BC004E1BEB /* AppServerClient.swift in Sources */,
				FA91A03927DB603D00438B9B /* MvvmRxApp.xcdatamodeld in Sources */,
				FA986C8327E9E464004E1BEB /* VehiclesTableViewCell.swift in Sources */,
				FA986B9127E74FAA004E1BEB /* VehiclesCellViewModel.swift in Sources */,
				FA986B8C27E48E37004E1BEB /* Coordinate.swift in Sources */,
				FA9B30B127F1D75300B7BF45 /* Extensions.swift in Sources */,
				FA986C9627EA2506004E1BEB /* MyAnnotation.swift in Sources */,
				FA986C4127E7529E004E1BEB /* Result.swift in Sources */,
				FA986C8A27EA0EFC004E1BEB /* MapViewController.swift in Sources */,
				FA986C9227EA1580004E1BEB /* MapViewModel.swift in Sources */,
			);
			runOnlyForDeploymentPostprocessing = 0;
		};
		FA91A04027DB604100438B9B /* Sources */ = {
			isa = PBXSourcesBuildPhase;
			buildActionMask = 2147483647;
			files = (
				FA986C8427E9E464004E1BEB /* VehiclesTableViewCell.swift in Sources */,
				FA986C4227E7529E004E1BEB /* Result.swift in Sources */,
				FA986B9627E7513E004E1BEB /* VehiclesTableViewViewModel.swift in Sources */,
				FA986B8527E48DEB004E1BEB /* VehicleList.swift in Sources */,
				FA91A04927DB604100438B9B /* MvvmRxAppTests.swift in Sources */,
				FA986C7E27E9E380004E1BEB /* VehiclesTableViewController.swift in Sources */,
				FA986B9227E74FAA004E1BEB /* VehiclesCellViewModel.swift in Sources */,
				FA986C9327EA1580004E1BEB /* MapViewModel.swift in Sources */,
				FA986B8927E48E15004E1BEB /* PoiList.swift in Sources */,
				FA986C3C27E7529E004E1BEB /* UIViewControllerExtension.swift in Sources */,
				FA986C9727EA2506004E1BEB /* MyAnnotation.swift in Sources */,
				FA986B8D27E48E37004E1BEB /* Coordinate.swift in Sources */,
				FA986C4527E7529E004E1BEB /* Alert.swift in Sources */,
				FA986C4827E7529E004E1BEB /* ReadOnce.swift in Sources */,
				FA986C3F27E7529E004E1BEB /* JSON.swift in Sources */,
				FA986C8B27EA0EFC004E1BEB /* MapViewController.swift in Sources */,
				FA986C4F27E754BC004E1BEB /* AppServerClient.swift in Sources */,
			);
			runOnlyForDeploymentPostprocessing = 0;
		};
		FA91A04A27DB604100438B9B /* Sources */ = {
			isa = PBXSourcesBuildPhase;
			buildActionMask = 2147483647;
			files = (
				FA986B8A27E48E15004E1BEB /* PoiList.swift in Sources */,
				FA986B8627E48DEB004E1BEB /* VehicleList.swift in Sources */,
				FA986C9827EA2506004E1BEB /* MyAnnotation.swift in Sources */,
				FA91A05527DB604100438B9B /* MvvmRxAppUITestsLaunchTests.swift in Sources */,
				FA986C4027E7529E004E1BEB /* JSON.swift in Sources */,
				FA986C8527E9E464004E1BEB /* VehiclesTableViewCell.swift in Sources */,
				FA986B9327E74FAA004E1BEB /* VehiclesCellViewModel.swift in Sources */,
				FA986C3D27E7529E004E1BEB /* UIViewControllerExtension.swift in Sources */,
				FA986C4927E7529E004E1BEB /* ReadOnce.swift in Sources */,
				FA986C5027E754BC004E1BEB /* AppServerClient.swift in Sources */,
				FA986C4327E7529E004E1BEB /* Result.swift in Sources */,
				FA986B9727E7513E004E1BEB /* VehiclesTableViewViewModel.swift in Sources */,
				FA986C4627E7529E004E1BEB /* Alert.swift in Sources */,
				FA91A05327DB604100438B9B /* MvvmRxAppUITests.swift in Sources */,
				FA986C9427EA1580004E1BEB /* MapViewModel.swift in Sources */,
				FA986C7F27E9E380004E1BEB /* VehiclesTableViewController.swift in Sources */,
				FA986B8E27E48E37004E1BEB /* Coordinate.swift in Sources */,
				FA986C8C27EA0EFC004E1BEB /* MapViewController.swift in Sources */,
			);
			runOnlyForDeploymentPostprocessing = 0;
		};
/* End PBXSourcesBuildPhase section */

/* Begin PBXTargetDependency section */
		FA91A04627DB604100438B9B /* PBXTargetDependency */ = {
			isa = PBXTargetDependency;
			target = FA91A02A27DB603D00438B9B /* MvvmRxApp */;
			targetProxy = FA91A04527DB604100438B9B /* PBXContainerItemProxy */;
		};
		FA91A05027DB604100438B9B /* PBXTargetDependency */ = {
			isa = PBXTargetDependency;
			target = FA91A02A27DB603D00438B9B /* MvvmRxApp */;
			targetProxy = FA91A04F27DB604100438B9B /* PBXContainerItemProxy */;
		};
/* End PBXTargetDependency section */

/* Begin PBXVariantGroup section */
		FA91A03427DB603D00438B9B /* Main.storyboard */ = {
			isa = PBXVariantGroup;
			children = (
				FA91A03527DB603D00438B9B /* Base */,
			);
			name = Main.storyboard;
			sourceTree = "<group>";
		};
		FA91A03C27DB604000438B9B /* LaunchScreen.storyboard */ = {
			isa = PBXVariantGroup;
			children = (
				FA91A03D27DB604000438B9B /* Base */,
			);
			name = LaunchScreen.storyboard;
			sourceTree = "<group>";
		};
/* End PBXVariantGroup section */

/* Begin XCBuildConfiguration section */
		FA91A05627DB604100438B9B /* Debug */ = {
			isa = XCBuildConfiguration;
			buildSettings = {
				ALWAYS_SEARCH_USER_PATHS = NO;
				CLANG_ANALYZER_NONNULL = YES;
				CLANG_ANALYZER_NUMBER_OBJECT_CONVERSION = YES_AGGRESSIVE;
				CLANG_CXX_LANGUAGE_STANDARD = "gnu++17";
				CLANG_CXX_LIBRARY = "libc++";
				CLANG_ENABLE_MODULES = YES;
				CLANG_ENABLE_OBJC_ARC = YES;
				CLANG_ENABLE_OBJC_WEAK = YES;
				CLANG_WARN_BLOCK_CAPTURE_AUTORELEASING = YES;
				CLANG_WARN_BOOL_CONVERSION = YES;
				CLANG_WARN_COMMA = YES;
				CLANG_WARN_CONSTANT_CONVERSION = YES;
				CLANG_WARN_DEPRECATED_OBJC_IMPLEMENTATIONS = YES;
				CLANG_WARN_DIRECT_OBJC_ISA_USAGE = YES_ERROR;
				CLANG_WARN_DOCUMENTATION_COMMENTS = YES;
				CLANG_WARN_EMPTY_BODY = YES;
				CLANG_WARN_ENUM_CONVERSION = YES;
				CLANG_WARN_INFINITE_RECURSION = YES;
				CLANG_WARN_INT_CONVERSION = YES;
				CLANG_WARN_NON_LITERAL_NULL_CONVERSION = YES;
				CLANG_WARN_OBJC_IMPLICIT_RETAIN_SELF = YES;
				CLANG_WARN_OBJC_LITERAL_CONVERSION = YES;
				CLANG_WARN_OBJC_ROOT_CLASS = YES_ERROR;
				CLANG_WARN_QUOTED_INCLUDE_IN_FRAMEWORK_HEADER = YES;
				CLANG_WARN_RANGE_LOOP_ANALYSIS = YES;
				CLANG_WARN_STRICT_PROTOTYPES = YES;
				CLANG_WARN_SUSPICIOUS_MOVE = YES;
				CLANG_WARN_UNGUARDED_AVAILABILITY = YES_AGGRESSIVE;
				CLANG_WARN_UNREACHABLE_CODE = YES;
				CLANG_WARN__DUPLICATE_METHOD_MATCH = YES;
				COPY_PHASE_STRIP = NO;
				DEBUG_INFORMATION_FORMAT = dwarf;
				ENABLE_STRICT_OBJC_MSGSEND = YES;
				ENABLE_TESTABILITY = YES;
				GCC_C_LANGUAGE_STANDARD = gnu11;
				GCC_DYNAMIC_NO_PIC = NO;
				GCC_NO_COMMON_BLOCKS = YES;
				GCC_OPTIMIZATION_LEVEL = 0;
				GCC_PREPROCESSOR_DEFINITIONS = (
					"DEBUG=1",
					"$(inherited)",
				);
				GCC_WARN_64_TO_32_BIT_CONVERSION = YES;
				GCC_WARN_ABOUT_RETURN_TYPE = YES_ERROR;
				GCC_WARN_UNDECLARED_SELECTOR = YES;
				GCC_WARN_UNINITIALIZED_AUTOS = YES_AGGRESSIVE;
				GCC_WARN_UNUSED_FUNCTION = YES;
				GCC_WARN_UNUSED_VARIABLE = YES;
				IPHONEOS_DEPLOYMENT_TARGET = 15.0;
				MTL_ENABLE_DEBUG_INFO = INCLUDE_SOURCE;
				MTL_FAST_MATH = YES;
				ONLY_ACTIVE_ARCH = YES;
				SDKROOT = iphoneos;
				SWIFT_ACTIVE_COMPILATION_CONDITIONS = DEBUG;
				SWIFT_OPTIMIZATION_LEVEL = "-Onone";
			};
			name = Debug;
		};
		FA91A05727DB604100438B9B /* Release */ = {
			isa = XCBuildConfiguration;
			buildSettings = {
				ALWAYS_SEARCH_USER_PATHS = NO;
				CLANG_ANALYZER_NONNULL = YES;
				CLANG_ANALYZER_NUMBER_OBJECT_CONVERSION = YES_AGGRESSIVE;
				CLANG_CXX_LANGUAGE_STANDARD = "gnu++17";
				CLANG_CXX_LIBRARY = "libc++";
				CLANG_ENABLE_MODULES = YES;
				CLANG_ENABLE_OBJC_ARC = YES;
				CLANG_ENABLE_OBJC_WEAK = YES;
				CLANG_WARN_BLOCK_CAPTURE_AUTORELEASING = YES;
				CLANG_WARN_BOOL_CONVERSION = YES;
				CLANG_WARN_COMMA = YES;
				CLANG_WARN_CONSTANT_CONVERSION = YES;
				CLANG_WARN_DEPRECATED_OBJC_IMPLEMENTATIONS = YES;
				CLANG_WARN_DIRECT_OBJC_ISA_USAGE = YES_ERROR;
				CLANG_WARN_DOCUMENTATION_COMMENTS = YES;
				CLANG_WARN_EMPTY_BODY = YES;
				CLANG_WARN_ENUM_CONVERSION = YES;
				CLANG_WARN_INFINITE_RECURSION = YES;
				CLANG_WARN_INT_CONVERSION = YES;
				CLANG_WARN_NON_LITERAL_NULL_CONVERSION = YES;
				CLANG_WARN_OBJC_IMPLICIT_RETAIN_SELF = YES;
				CLANG_WARN_OBJC_LITERAL_CONVERSION = YES;
				CLANG_WARN_OBJC_ROOT_CLASS = YES_ERROR;
				CLANG_WARN_QUOTED_INCLUDE_IN_FRAMEWORK_HEADER = YES;
				CLANG_WARN_RANGE_LOOP_ANALYSIS = YES;
				CLANG_WARN_STRICT_PROTOTYPES = YES;
				CLANG_WARN_SUSPICIOUS_MOVE = YES;
				CLANG_WARN_UNGUARDED_AVAILABILITY = YES_AGGRESSIVE;
				CLANG_WARN_UNREACHABLE_CODE = YES;
				CLANG_WARN__DUPLICATE_METHOD_MATCH = YES;
				COPY_PHASE_STRIP = NO;
				DEBUG_INFORMATION_FORMAT = "dwarf-with-dsym";
				ENABLE_NS_ASSERTIONS = NO;
				ENABLE_STRICT_OBJC_MSGSEND = YES;
				GCC_C_LANGUAGE_STANDARD = gnu11;
				GCC_NO_COMMON_BLOCKS = YES;
				GCC_WARN_64_TO_32_BIT_CONVERSION = YES;
				GCC_WARN_ABOUT_RETURN_TYPE = YES_ERROR;
				GCC_WARN_UNDECLARED_SELECTOR = YES;
				GCC_WARN_UNINITIALIZED_AUTOS = YES_AGGRESSIVE;
				GCC_WARN_UNUSED_FUNCTION = YES;
				GCC_WARN_UNUSED_VARIABLE = YES;
				IPHONEOS_DEPLOYMENT_TARGET = 15.0;
				MTL_ENABLE_DEBUG_INFO = NO;
				MTL_FAST_MATH = YES;
				SDKROOT = iphoneos;
				SWIFT_COMPILATION_MODE = wholemodule;
				SWIFT_OPTIMIZATION_LEVEL = "-O";
				VALIDATE_PRODUCT = YES;
			};
			name = Release;
		};
		FA91A05927DB604100438B9B /* Debug */ = {
			isa = XCBuildConfiguration;
			baseConfigurationReference = C8F1911E4FB436F84F9F1C0A /* Pods-MvvmRxApp.debug.xcconfig */;
			buildSettings = {
				ASSETCATALOG_COMPILER_APPICON_NAME = AppIcon;
				ASSETCATALOG_COMPILER_GLOBAL_ACCENT_COLOR_NAME = AccentColor;
				CODE_SIGN_STYLE = Automatic;
				CURRENT_PROJECT_VERSION = 1;
				DEVELOPMENT_TEAM = 7H9Q2XBG8M;
				GENERATE_INFOPLIST_FILE = YES;
				INFOPLIST_FILE = MvvmRxApp/Info.plist;
				INFOPLIST_KEY_UIApplicationSupportsIndirectInputEvents = YES;
				INFOPLIST_KEY_UILaunchStoryboardName = LaunchScreen;
				INFOPLIST_KEY_UIMainStoryboardFile = Main;
				INFOPLIST_KEY_UISupportedInterfaceOrientations_iPad = "UIInterfaceOrientationPortrait UIInterfaceOrientationPortraitUpsideDown UIInterfaceOrientationLandscapeLeft UIInterfaceOrientationLandscapeRight";
				INFOPLIST_KEY_UISupportedInterfaceOrientations_iPhone = "UIInterfaceOrientationPortrait UIInterfaceOrientationLandscapeLeft UIInterfaceOrientationLandscapeRight";
				LD_RUNPATH_SEARCH_PATHS = (
					"$(inherited)",
					"@executable_path/Frameworks",
				);
				MARKETING_VERSION = 1.0;
				PRODUCT_BUNDLE_IDENTIFIER = com.app.MvvmRxApp;
				PRODUCT_NAME = "$(TARGET_NAME)";
				SWIFT_EMIT_LOC_STRINGS = YES;
				SWIFT_VERSION = 5.0;
				TARGETED_DEVICE_FAMILY = "1,2";
			};
			name = Debug;
		};
		FA91A05A27DB604100438B9B /* Release */ = {
			isa = XCBuildConfiguration;
			baseConfigurationReference = 7001BDBED3F431A2CFD8C27B /* Pods-MvvmRxApp.release.xcconfig */;
			buildSettings = {
				ASSETCATALOG_COMPILER_APPICON_NAME = AppIcon;
				ASSETCATALOG_COMPILER_GLOBAL_ACCENT_COLOR_NAME = AccentColor;
				CODE_SIGN_STYLE = Automatic;
				CURRENT_PROJECT_VERSION = 1;
				DEVELOPMENT_TEAM = 7H9Q2XBG8M;
				GENERATE_INFOPLIST_FILE = YES;
				INFOPLIST_FILE = MvvmRxApp/Info.plist;
				INFOPLIST_KEY_UIApplicationSupportsIndirectInputEvents = YES;
				INFOPLIST_KEY_UILaunchStoryboardName = LaunchScreen;
				INFOPLIST_KEY_UIMainStoryboardFile = Main;
				INFOPLIST_KEY_UISupportedInterfaceOrientations_iPad = "UIInterfaceOrientationPortrait UIInterfaceOrientationPortraitUpsideDown UIInterfaceOrientationLandscapeLeft UIInterfaceOrientationLandscapeRight";
				INFOPLIST_KEY_UISupportedInterfaceOrientations_iPhone = "UIInterfaceOrientationPortrait UIInterfaceOrientationLandscapeLeft UIInterfaceOrientationLandscapeRight";
				LD_RUNPATH_SEARCH_PATHS = (
					"$(inherited)",
					"@executable_path/Frameworks",
				);
				MARKETING_VERSION = 1.0;
				PRODUCT_BUNDLE_IDENTIFIER = com.app.MvvmRxApp;
				PRODUCT_NAME = "$(TARGET_NAME)";
				SWIFT_EMIT_LOC_STRINGS = YES;
				SWIFT_VERSION = 5.0;
				TARGETED_DEVICE_FAMILY = "1,2";
			};
			name = Release;
		};
		FA91A05C27DB604100438B9B /* Debug */ = {
			isa = XCBuildConfiguration;
			baseConfigurationReference = 6B34E670107D4DCDA406EA91 /* Pods-MvvmRxAppTests.debug.xcconfig */;
			buildSettings = {
				ALWAYS_EMBED_SWIFT_STANDARD_LIBRARIES = YES;
				BUNDLE_LOADER = "$(TEST_HOST)";
				CODE_SIGN_STYLE = Automatic;
				CURRENT_PROJECT_VERSION = 1;
				DEVELOPMENT_TEAM = 7H9Q2XBG8M;
				GENERATE_INFOPLIST_FILE = YES;
				IPHONEOS_DEPLOYMENT_TARGET = 15.0;
				LD_RUNPATH_SEARCH_PATHS = (
					"$(inherited)",
					"@executable_path/Frameworks",
					"@loader_path/Frameworks",
				);
				MARKETING_VERSION = 1.0;
				PRODUCT_BUNDLE_IDENTIFIER = com.app.MvvmRxAppTests;
				PRODUCT_NAME = "$(TARGET_NAME)";
				SWIFT_EMIT_LOC_STRINGS = NO;
				SWIFT_VERSION = 5.0;
				TARGETED_DEVICE_FAMILY = "1,2";
				TEST_HOST = "$(BUILT_PRODUCTS_DIR)/MvvmRxApp.app/MvvmRxApp";
			};
			name = Debug;
		};
		FA91A05D27DB604100438B9B /* Release */ = {
			isa = XCBuildConfiguration;
			baseConfigurationReference = 6E0C9CB0F98177903EC89516 /* Pods-MvvmRxAppTests.release.xcconfig */;
			buildSettings = {
				ALWAYS_EMBED_SWIFT_STANDARD_LIBRARIES = YES;
				BUNDLE_LOADER = "$(TEST_HOST)";
				CODE_SIGN_STYLE = Automatic;
				CURRENT_PROJECT_VERSION = 1;
				DEVELOPMENT_TEAM = 7H9Q2XBG8M;
				GENERATE_INFOPLIST_FILE = YES;
				IPHONEOS_DEPLOYMENT_TARGET = 15.0;
				LD_RUNPATH_SEARCH_PATHS = (
					"$(inherited)",
					"@executable_path/Frameworks",
					"@loader_path/Frameworks",
				);
				MARKETING_VERSION = 1.0;
				PRODUCT_BUNDLE_IDENTIFIER = com.app.MvvmRxAppTests;
				PRODUCT_NAME = "$(TARGET_NAME)";
				SWIFT_EMIT_LOC_STRINGS = NO;
				SWIFT_VERSION = 5.0;
				TARGETED_DEVICE_FAMILY = "1,2";
				TEST_HOST = "$(BUILT_PRODUCTS_DIR)/MvvmRxApp.app/MvvmRxApp";
			};
			name = Release;
		};
		FA91A05F27DB604100438B9B /* Debug */ = {
			isa = XCBuildConfiguration;
			baseConfigurationReference = 5D5FD69421847081FD08D41F /* Pods-MvvmRxApp-MvvmRxAppUITests.debug.xcconfig */;
			buildSettings = {
				ALWAYS_EMBED_SWIFT_STANDARD_LIBRARIES = YES;
				CODE_SIGN_STYLE = Automatic;
				CURRENT_PROJECT_VERSION = 1;
				DEVELOPMENT_TEAM = 7H9Q2XBG8M;
				GENERATE_INFOPLIST_FILE = YES;
				LD_RUNPATH_SEARCH_PATHS = (
					"$(inherited)",
					"@executable_path/Frameworks",
					"@loader_path/Frameworks",
				);
				MARKETING_VERSION = 1.0;
				PRODUCT_BUNDLE_IDENTIFIER = com.app.MvvmRxAppUITests;
				PRODUCT_NAME = "$(TARGET_NAME)";
				SWIFT_EMIT_LOC_STRINGS = NO;
				SWIFT_VERSION = 5.0;
				TARGETED_DEVICE_FAMILY = "1,2";
				TEST_TARGET_NAME = MvvmRxApp;
			};
			name = Debug;
		};
		FA91A06027DB604100438B9B /* Release */ = {
			isa = XCBuildConfiguration;
			baseConfigurationReference = F5A468B7DA2EA3C25D020D65 /* Pods-MvvmRxApp-MvvmRxAppUITests.release.xcconfig */;
			buildSettings = {
				ALWAYS_EMBED_SWIFT_STANDARD_LIBRARIES = YES;
				CODE_SIGN_STYLE = Automatic;
				CURRENT_PROJECT_VERSION = 1;
				DEVELOPMENT_TEAM = 7H9Q2XBG8M;
				GENERATE_INFOPLIST_FILE = YES;
				LD_RUNPATH_SEARCH_PATHS = (
					"$(inherited)",
					"@executable_path/Frameworks",
					"@loader_path/Frameworks",
				);
				MARKETING_VERSION = 1.0;
				PRODUCT_BUNDLE_IDENTIFIER = com.app.MvvmRxAppUITests;
				PRODUCT_NAME = "$(TARGET_NAME)";
				SWIFT_EMIT_LOC_STRINGS = NO;
				SWIFT_VERSION = 5.0;
				TARGETED_DEVICE_FAMILY = "1,2";
				TEST_TARGET_NAME = MvvmRxApp;
			};
			name = Release;
		};
/* End XCBuildConfiguration section */

/* Begin XCConfigurationList section */
		FA91A02627DB603D00438B9B /* Build configuration list for PBXProject "MvvmRxApp" */ = {
			isa = XCConfigurationList;
			buildConfigurations = (
				FA91A05627DB604100438B9B /* Debug */,
				FA91A05727DB604100438B9B /* Release */,
			);
			defaultConfigurationIsVisible = 0;
			defaultConfigurationName = Release;
		};
		FA91A05827DB604100438B9B /* Build configuration list for PBXNativeTarget "MvvmRxApp" */ = {
			isa = XCConfigurationList;
			buildConfigurations = (
				FA91A05927DB604100438B9B /* Debug */,
				FA91A05A27DB604100438B9B /* Release */,
			);
			defaultConfigurationIsVisible = 0;
			defaultConfigurationName = Release;
		};
		FA91A05B27DB604100438B9B /* Build configuration list for PBXNativeTarget "MvvmRxAppTests" */ = {
			isa = XCConfigurationList;
			buildConfigurations = (
				FA91A05C27DB604100438B9B /* Debug */,
				FA91A05D27DB604100438B9B /* Release */,
			);
			defaultConfigurationIsVisible = 0;
			defaultConfigurationName = Release;
		};
		FA91A05E27DB604100438B9B /* Build configuration list for PBXNativeTarget "MvvmRxAppUITests" */ = {
			isa = XCConfigurationList;
			buildConfigurations = (
				FA91A05F27DB604100438B9B /* Debug */,
				FA91A06027DB604100438B9B /* Release */,
			);
			defaultConfigurationIsVisible = 0;
			defaultConfigurationName = Release;
		};
/* End XCConfigurationList section */

/* Begin XCVersionGroup section */
		FA91A03727DB603D00438B9B /* MvvmRxApp.xcdatamodeld */ = {
			isa = XCVersionGroup;
			children = (
				FA91A03827DB603D00438B9B /* MvvmRxApp.xcdatamodel */,
			);
			currentVersion = FA91A03827DB603D00438B9B /* MvvmRxApp.xcdatamodel */;
			path = MvvmRxApp.xcdatamodeld;
			sourceTree = "<group>";
			versionGroupType = wrapper.xcdatamodel;
		};
/* End XCVersionGroup section */
	};
	rootObject = FA91A02327DB603D00438B9B /* Project object */;
}
